PODS:
  - Flutter (1.0.0)
  - flutter_device_locale (0.0.1):
    - Flutter

DEPENDENCIES:
  - Flutter (from `Flutter`)
  - flutter_device_locale (from `.symlinks/plugins/flutter_device_locale/ios`)

EXTERNAL SOURCES:
  Flutter:
    :path: Flutter
  flutter_device_locale:
    :path: ".symlinks/plugins/flutter_device_locale/ios"

SPEC CHECKSUMS:
  Flutter: 0e3d915762c693b495b44d77113d4970485de6ec
  flutter_device_locale: bd88cfdfdcae58b2a9d5ec05389fd99631c9dca7

PODFILE CHECKSUM: 083258d7f5e80b42ea9bfee905fe93049bc04c64

COCOAPODS: 1.8.4
